
Microsoft Visual Studio Solution File, Format Version 12.00
# Visual Studio Version 16
VisualStudioVersion = 16.0.30204.135
MinimumVisualStudioVersion = 10.0.40219.1
Project("{9A19103F-16F7-4668-BE54-9A1E7A4F7556}") = "XDS.TerminalChat", "src\XDS.TerminalChat\XDS.TerminalChat.csproj", "{53D3B368-C4B1-4A42-8361-E2004AE73841}"
EndProject
Project("{9A19103F-16F7-4668-BE54-9A1E7A4F7556}") = "Terminal.Gui", "src\submodules\gui_cs\Terminal.Gui\Terminal.Gui.csproj", "{B23ED7A6-832B-4C52-9BAE-90BEEB229070}"
EndProject
Project("{2150E333-8FDC-42A3-9474-1A3956D46DE8}") = "Global", "Global", "{E0CD7595-8CFD-46E1-A3C4-A74EAA8B093E}"
	ProjectSection(SolutionItems) = preProject
		src\.editorconfig = src\.editorconfig
		README.md = README.md
	EndProjectSection
EndProject
Project("{2150E333-8FDC-42A3-9474-1A3956D46DE8}") = "Submodules", "Submodules", "{A2EAAA67-A18C-47F8-AB67-D878855C749A}"
EndProject
Project("{2150E333-8FDC-42A3-9474-1A3956D46DE8}") = "migueldeicaza", "migueldeicaza", "{59861DA7-E4B2-41A6-8A30-AF1212211AC9}"
EndProject
Project("{2150E333-8FDC-42A3-9474-1A3956D46DE8}") = "xds-sdk", "xds-sdk", "{163EEF05-D9B6-4A3C-B8D3-791B23DDDE9B}"
EndProject
Project("{9A19103F-16F7-4668-BE54-9A1E7A4F7556}") = "XDS.SDK.Messaging.AppSupport", "src\submodules\xds-sdk\src\XDS.SDK.Messaging.AppSupport\XDS.SDK.Messaging.AppSupport.csproj", "{ACB3038D-98A1-41C7-938B-B299C8CB9A09}"
EndProject
Project("{9A19103F-16F7-4668-BE54-9A1E7A4F7556}") = "XDS.SDK.Messaging.BlockchainClient", "src\submodules\xds-sdk\src\XDS.SDK.Messaging.BlockchainClient\XDS.SDK.Messaging.BlockchainClient.csproj", "{5769924E-04C0-4EC8-B6E9-4BE854C6030A}"
EndProject
Project("{9A19103F-16F7-4668-BE54-9A1E7A4F7556}") = "XDS.SDK.Messaging.ApplicationBehavior", "src\submodules\xds-sdk\src\XDS.SDK.Messaging.ApplicationBehavior\XDS.SDK.Messaging.ApplicationBehavior.csproj", "{571D37A8-A45B-4D45-8EFF-5720AF1DFA99}"
EndProject
Project("{9A19103F-16F7-4668-BE54-9A1E7A4F7556}") = "XDS.SDK.Messaging.CrossTierTypes", "src\submodules\xds-sdk\src\XDS.SDK.Messaging.CrossTierTypes\XDS.SDK.Messaging.CrossTierTypes.csproj", "{AC23AEA0-4178-489F-88F1-356293C5F3ED}"
EndProject
Project("{9A19103F-16F7-4668-BE54-9A1E7A4F7556}") = "XDS.SDK.Cryptography", "src\submodules\xds-sdk\src\XDS.SDK.Cryptography\XDS.SDK.Cryptography.csproj", "{37761D44-1615-4C7C-B4E1-DD62637D1810}"
EndProject
Project("{9A19103F-16F7-4668-BE54-9A1E7A4F7556}") = "XDS.SDK.Cryptography.NetStandard", "src\submodules\xds-sdk\src\XDS.SDK.Cryptography.NetStandard\XDS.SDK.Cryptography.NetStandard.csproj", "{993DDB04-7CBC-4D15-895D-2B8D107A77DC}"
EndProject
Project("{9A19103F-16F7-4668-BE54-9A1E7A4F7556}") = "XDS.SDK.Lib.Bech32", "src\submodules\xds-sdk\src\XDS.SDK.Lib.Bech32\XDS.SDK.Lib.Bech32.csproj", "{B3EBB63B-3717-47BD-88B0-081C769D7095}"
EndProject
Project("{9A19103F-16F7-4668-BE54-9A1E7A4F7556}") = "XDS.SDK.Lib.Secp256k1", "src\submodules\xds-sdk\src\XDS.SDK.Lib.Secp256k1\XDS.SDK.Lib.Secp256k1.csproj", "{E3B9D50C-B44D-4E71-8222-5952087B8A4C}"
EndProject
Project("{9A19103F-16F7-4668-BE54-9A1E7A4F7556}") = "XDS.SDK.Lib.HDKeys", "src\submodules\xds-sdk\src\XDS.SDK.Lib.HDKeys\XDS.SDK.Lib.HDKeys.csproj", "{D60F00C5-E2CB-498D-8CCE-79D1196634C8}"
EndProject
Project("{9A19103F-16F7-4668-BE54-9A1E7A4F7556}") = "XDS.SDK.Messaging.Principal", "src\submodules\xds-sdk\src\XDS.SDK.Messaging.Principal\XDS.SDK.Messaging.Principal.csproj", "{51E6CF72-A8F7-4B1A-A782-D97F47C42E4D}"
EndProject
Project("{9A19103F-16F7-4668-BE54-9A1E7A4F7556}") = "XDS.SDK.Messaging.MessageHostClient", "src\submodules\xds-sdk\src\XDS.SDK.Messaging.MessageHostClient\XDS.SDK.Messaging.MessageHostClient.csproj", "{112C9BD4-FD0A-4F6E-BB0B-D1924CB11A31}"
EndProject
Project("{9A19103F-16F7-4668-BE54-9A1E7A4F7556}") = "XDS.SDK.Messaging.Resources", "src\submodules\xds-sdk\src\XDS.SDK.Messaging.Resources\XDS.SDK.Messaging.Resources.csproj", "{C3615888-71DC-4EC8-BE9B-4A76FB3ACC50}"
EndProject
Project("{9A19103F-16F7-4668-BE54-9A1E7A4F7556}") = "XDS.SDK.Core", "src\submodules\xds-sdk\src\XDS.SDK.Core\XDS.SDK.Core.csproj", "{2FCA6B2C-AD43-4A10-BFD4-E09BB8311E75}"
EndProject
Global
	GlobalSection(SolutionConfigurationPlatforms) = preSolution
		Debug|Any CPU = Debug|Any CPU
		Debug|x64 = Debug|x64
		Release|Any CPU = Release|Any CPU
		Release|x64 = Release|x64
	EndGlobalSection
	GlobalSection(ProjectConfigurationPlatforms) = postSolution
		{53D3B368-C4B1-4A42-8361-E2004AE73841}.Debug|Any CPU.ActiveCfg = Debug|Any CPU
		{53D3B368-C4B1-4A42-8361-E2004AE73841}.Debug|Any CPU.Build.0 = Debug|Any CPU
		{53D3B368-C4B1-4A42-8361-E2004AE73841}.Debug|x64.ActiveCfg = Debug|Any CPU
		{53D3B368-C4B1-4A42-8361-E2004AE73841}.Debug|x64.Build.0 = Debug|Any CPU
		{53D3B368-C4B1-4A42-8361-E2004AE73841}.Release|Any CPU.ActiveCfg = Release|Any CPU
		{53D3B368-C4B1-4A42-8361-E2004AE73841}.Release|Any CPU.Build.0 = Release|Any CPU
		{53D3B368-C4B1-4A42-8361-E2004AE73841}.Release|x64.ActiveCfg = Release|Any CPU
		{53D3B368-C4B1-4A42-8361-E2004AE73841}.Release|x64.Build.0 = Release|Any CPU
		{B23ED7A6-832B-4C52-9BAE-90BEEB229070}.Debug|Any CPU.ActiveCfg = Debug|Any CPU
		{B23ED7A6-832B-4C52-9BAE-90BEEB229070}.Debug|Any CPU.Build.0 = Debug|Any CPU
		{B23ED7A6-832B-4C52-9BAE-90BEEB229070}.Debug|x64.ActiveCfg = Debug|Any CPU
		{B23ED7A6-832B-4C52-9BAE-90BEEB229070}.Debug|x64.Build.0 = Debug|Any CPU
		{B23ED7A6-832B-4C52-9BAE-90BEEB229070}.Release|Any CPU.ActiveCfg = Release|Any CPU
		{B23ED7A6-832B-4C52-9BAE-90BEEB229070}.Release|Any CPU.Build.0 = Release|Any CPU
		{B23ED7A6-832B-4C52-9BAE-90BEEB229070}.Release|x64.ActiveCfg = Release|Any CPU
		{B23ED7A6-832B-4C52-9BAE-90BEEB229070}.Release|x64.Build.0 = Release|Any CPU
		{ACB3038D-98A1-41C7-938B-B299C8CB9A09}.Debug|Any CPU.ActiveCfg = Debug|Any CPU
		{ACB3038D-98A1-41C7-938B-B299C8CB9A09}.Debug|Any CPU.Build.0 = Debug|Any CPU
		{ACB3038D-98A1-41C7-938B-B299C8CB9A09}.Debug|x64.ActiveCfg = Debug|x64
		{ACB3038D-98A1-41C7-938B-B299C8CB9A09}.Debug|x64.Build.0 = Debug|x64
		{ACB3038D-98A1-41C7-938B-B299C8CB9A09}.Release|Any CPU.ActiveCfg = Release|Any CPU
		{ACB3038D-98A1-41C7-938B-B299C8CB9A09}.Release|Any CPU.Build.0 = Release|Any CPU
		{ACB3038D-98A1-41C7-938B-B299C8CB9A09}.Release|x64.ActiveCfg = Release|x64
		{ACB3038D-98A1-41C7-938B-B299C8CB9A09}.Release|x64.Build.0 = Release|x64
		{5769924E-04C0-4EC8-B6E9-4BE854C6030A}.Debug|Any CPU.ActiveCfg = Debug|Any CPU
		{5769924E-04C0-4EC8-B6E9-4BE854C6030A}.Debug|Any CPU.Build.0 = Debug|Any CPU
		{5769924E-04C0-4EC8-B6E9-4BE854C6030A}.Debug|x64.ActiveCfg = Debug|Any CPU
		{5769924E-04C0-4EC8-B6E9-4BE854C6030A}.Debug|x64.Build.0 = Debug|Any CPU
		{5769924E-04C0-4EC8-B6E9-4BE854C6030A}.Release|Any CPU.ActiveCfg = Release|Any CPU
		{5769924E-04C0-4EC8-B6E9-4BE854C6030A}.Release|Any CPU.Build.0 = Release|Any CPU
		{5769924E-04C0-4EC8-B6E9-4BE854C6030A}.Release|x64.ActiveCfg = Release|Any CPU
		{5769924E-04C0-4EC8-B6E9-4BE854C6030A}.Release|x64.Build.0 = Release|Any CPU
		{571D37A8-A45B-4D45-8EFF-5720AF1DFA99}.Debug|Any CPU.ActiveCfg = Debug|Any CPU
		{571D37A8-A45B-4D45-8EFF-5720AF1DFA99}.Debug|Any CPU.Build.0 = Debug|Any CPU
		{571D37A8-A45B-4D45-8EFF-5720AF1DFA99}.Debug|x64.ActiveCfg = Debug|x64
		{571D37A8-A45B-4D45-8EFF-5720AF1DFA99}.Debug|x64.Build.0 = Debug|x64
		{571D37A8-A45B-4D45-8EFF-5720AF1DFA99}.Release|Any CPU.ActiveCfg = Release|Any CPU
		{571D37A8-A45B-4D45-8EFF-5720AF1DFA99}.Release|Any CPU.Build.0 = Release|Any CPU
		{571D37A8-A45B-4D45-8EFF-5720AF1DFA99}.Release|x64.ActiveCfg = Release|x64
		{571D37A8-A45B-4D45-8EFF-5720AF1DFA99}.Release|x64.Build.0 = Release|x64
		{AC23AEA0-4178-489F-88F1-356293C5F3ED}.Debug|Any CPU.ActiveCfg = Debug|Any CPU
		{AC23AEA0-4178-489F-88F1-356293C5F3ED}.Debug|Any CPU.Build.0 = Debug|Any CPU
		{AC23AEA0-4178-489F-88F1-356293C5F3ED}.Debug|x64.ActiveCfg = Debug|x64
		{AC23AEA0-4178-489F-88F1-356293C5F3ED}.Debug|x64.Build.0 = Debug|x64
		{AC23AEA0-4178-489F-88F1-356293C5F3ED}.Release|Any CPU.ActiveCfg = Release|Any CPU
		{AC23AEA0-4178-489F-88F1-356293C5F3ED}.Release|Any CPU.Build.0 = Release|Any CPU
		{AC23AEA0-4178-489F-88F1-356293C5F3ED}.Release|x64.ActiveCfg = Release|x64
		{AC23AEA0-4178-489F-88F1-356293C5F3ED}.Release|x64.Build.0 = Release|x64
		{37761D44-1615-4C7C-B4E1-DD62637D1810}.Debug|Any CPU.ActiveCfg = Debug|Any CPU
		{37761D44-1615-4C7C-B4E1-DD62637D1810}.Debug|Any CPU.Build.0 = Debug|Any CPU
		{37761D44-1615-4C7C-B4E1-DD62637D1810}.Debug|x64.ActiveCfg = Debug|x64
		{37761D44-1615-4C7C-B4E1-DD62637D1810}.Debug|x64.Build.0 = Debug|x64
		{37761D44-1615-4C7C-B4E1-DD62637D1810}.Release|Any CPU.ActiveCfg = Release|Any CPU
		{37761D44-1615-4C7C-B4E1-DD62637D1810}.Release|Any CPU.Build.0 = Release|Any CPU
		{37761D44-1615-4C7C-B4E1-DD62637D1810}.Release|x64.ActiveCfg = Release|x64
		{37761D44-1615-4C7C-B4E1-DD62637D1810}.Release|x64.Build.0 = Release|x64
		{993DDB04-7CBC-4D15-895D-2B8D107A77DC}.Debug|Any CPU.ActiveCfg = Debug|Any CPU
		{993DDB04-7CBC-4D15-895D-2B8D107A77DC}.Debug|Any CPU.Build.0 = Debug|Any CPU
		{993DDB04-7CBC-4D15-895D-2B8D107A77DC}.Debug|x64.ActiveCfg = Debug|x64
		{993DDB04-7CBC-4D15-895D-2B8D107A77DC}.Debug|x64.Build.0 = Debug|x64
		{993DDB04-7CBC-4D15-895D-2B8D107A77DC}.Release|Any CPU.ActiveCfg = Release|Any CPU
		{993DDB04-7CBC-4D15-895D-2B8D107A77DC}.Release|Any CPU.Build.0 = Release|Any CPU
		{993DDB04-7CBC-4D15-895D-2B8D107A77DC}.Release|x64.ActiveCfg = Release|x64
		{993DDB04-7CBC-4D15-895D-2B8D107A77DC}.Release|x64.Build.0 = Release|x64
		{B3EBB63B-3717-47BD-88B0-081C769D7095}.Debug|Any CPU.ActiveCfg = Debug|Any CPU
		{B3EBB63B-3717-47BD-88B0-081C769D7095}.Debug|Any CPU.Build.0 = Debug|Any CPU
		{B3EBB63B-3717-47BD-88B0-081C769D7095}.Debug|x64.ActiveCfg = Debug|Any CPU
		{B3EBB63B-3717-47BD-88B0-081C769D7095}.Debug|x64.Build.0 = Debug|Any CPU
		{B3EBB63B-3717-47BD-88B0-081C769D7095}.Release|Any CPU.ActiveCfg = Release|Any CPU
		{B3EBB63B-3717-47BD-88B0-081C769D7095}.Release|Any CPU.Build.0 = Release|Any CPU
		{B3EBB63B-3717-47BD-88B0-081C769D7095}.Release|x64.ActiveCfg = Release|Any CPU
		{B3EBB63B-3717-47BD-88B0-081C769D7095}.Release|x64.Build.0 = Release|Any CPU
		{E3B9D50C-B44D-4E71-8222-5952087B8A4C}.Debug|Any CPU.ActiveCfg = Debug|Any CPU
		{E3B9D50C-B44D-4E71-8222-5952087B8A4C}.Debug|Any CPU.Build.0 = Debug|Any CPU
		{E3B9D50C-B44D-4E71-8222-5952087B8A4C}.Debug|x64.ActiveCfg = Debug|Any CPU
		{E3B9D50C-B44D-4E71-8222-5952087B8A4C}.Debug|x64.Build.0 = Debug|Any CPU
		{E3B9D50C-B44D-4E71-8222-5952087B8A4C}.Release|Any CPU.ActiveCfg = Release|Any CPU
		{E3B9D50C-B44D-4E71-8222-5952087B8A4C}.Release|Any CPU.Build.0 = Release|Any CPU
		{E3B9D50C-B44D-4E71-8222-5952087B8A4C}.Release|x64.ActiveCfg = Release|Any CPU
		{E3B9D50C-B44D-4E71-8222-5952087B8A4C}.Release|x64.Build.0 = Release|Any CPU
		{D60F00C5-E2CB-498D-8CCE-79D1196634C8}.Debug|Any CPU.ActiveCfg = Debug|Any CPU
		{D60F00C5-E2CB-498D-8CCE-79D1196634C8}.Debug|Any CPU.Build.0 = Debug|Any CPU
		{D60F00C5-E2CB-498D-8CCE-79D1196634C8}.Debug|x64.ActiveCfg = Debug|Any CPU
		{D60F00C5-E2CB-498D-8CCE-79D1196634C8}.Debug|x64.Build.0 = Debug|Any CPU
		{D60F00C5-E2CB-498D-8CCE-79D1196634C8}.Release|Any CPU.ActiveCfg = Release|Any CPU
		{D60F00C5-E2CB-498D-8CCE-79D1196634C8}.Release|Any CPU.Build.0 = Release|Any CPU
		{D60F00C5-E2CB-498D-8CCE-79D1196634C8}.Release|x64.ActiveCfg = Release|Any CPU
		{D60F00C5-E2CB-498D-8CCE-79D1196634C8}.Release|x64.Build.0 = Release|Any CPU
		{51E6CF72-A8F7-4B1A-A782-D97F47C42E4D}.Debug|Any CPU.ActiveCfg = Debug|Any CPU
		{51E6CF72-A8F7-4B1A-A782-D97F47C42E4D}.Debug|Any CPU.Build.0 = Debug|Any CPU
		{51E6CF72-A8F7-4B1A-A782-D97F47C42E4D}.Debug|x64.ActiveCfg = Debug|Any CPU
		{51E6CF72-A8F7-4B1A-A782-D97F47C42E4D}.Debug|x64.Build.0 = Debug|Any CPU
		{51E6CF72-A8F7-4B1A-A782-D97F47C42E4D}.Release|Any CPU.ActiveCfg = Release|Any CPU
		{51E6CF72-A8F7-4B1A-A782-D97F47C42E4D}.Release|Any CPU.Build.0 = Release|Any CPU
		{51E6CF72-A8F7-4B1A-A782-D97F47C42E4D}.Release|x64.ActiveCfg = Release|Any CPU
		{51E6CF72-A8F7-4B1A-A782-D97F47C42E4D}.Release|x64.Build.0 = Release|Any CPU
		{112C9BD4-FD0A-4F6E-BB0B-D1924CB11A31}.Debug|Any CPU.ActiveCfg = Debug|Any CPU
		{112C9BD4-FD0A-4F6E-BB0B-D1924CB11A31}.Debug|Any CPU.Build.0 = Debug|Any CPU
		{112C9BD4-FD0A-4F6E-BB0B-D1924CB11A31}.Debug|x64.ActiveCfg = Debug|Any CPU
		{112C9BD4-FD0A-4F6E-BB0B-D1924CB11A31}.Debug|x64.Build.0 = Debug|Any CPU
		{112C9BD4-FD0A-4F6E-BB0B-D1924CB11A31}.Release|Any CPU.ActiveCfg = Release|Any CPU
		{112C9BD4-FD0A-4F6E-BB0B-D1924CB11A31}.Release|Any CPU.Build.0 = Release|Any CPU
		{112C9BD4-FD0A-4F6E-BB0B-D1924CB11A31}.Release|x64.ActiveCfg = Release|Any CPU
		{112C9BD4-FD0A-4F6E-BB0B-D1924CB11A31}.Release|x64.Build.0 = Release|Any CPU
		{C3615888-71DC-4EC8-BE9B-4A76FB3ACC50}.Debug|Any CPU.ActiveCfg = Debug|Any CPU
		{C3615888-71DC-4EC8-BE9B-4A76FB3ACC50}.Debug|Any CPU.Build.0 = Debug|Any CPU
		{C3615888-71DC-4EC8-BE9B-4A76FB3ACC50}.Debug|x64.ActiveCfg = Debug|x64
		{C3615888-71DC-4EC8-BE9B-4A76FB3ACC50}.Debug|x64.Build.0 = Debug|x64
		{C3615888-71DC-4EC8-BE9B-4A76FB3ACC50}.Release|Any CPU.ActiveCfg = Release|Any CPU
		{C3615888-71DC-4EC8-BE9B-4A76FB3ACC50}.Release|Any CPU.Build.0 = Release|Any CPU
		{C3615888-71DC-4EC8-BE9B-4A76FB3ACC50}.Release|x64.ActiveCfg = Release|x64
		{C3615888-71DC-4EC8-BE9B-4A76FB3ACC50}.Release|x64.Build.0 = Release|x64
		{2FCA6B2C-AD43-4A10-BFD4-E09BB8311E75}.Debug|Any CPU.ActiveCfg = Debug|Any CPU
		{2FCA6B2C-AD43-4A10-BFD4-E09BB8311E75}.Debug|Any CPU.Build.0 = Debug|Any CPU
		{2FCA6B2C-AD43-4A10-BFD4-E09BB8311E75}.Debug|x64.ActiveCfg = Debug|Any CPU
		{2FCA6B2C-AD43-4A10-BFD4-E09BB8311E75}.Debug|x64.Build.0 = Debug|Any CPU
		{2FCA6B2C-AD43-4A10-BFD4-E09BB8311E75}.Release|Any CPU.ActiveCfg = Release|Any CPU
		{2FCA6B2C-AD43-4A10-BFD4-E09BB8311E75}.Release|Any CPU.Build.0 = Release|Any CPU
		{2FCA6B2C-AD43-4A10-BFD4-E09BB8311E75}.Release|x64.ActiveCfg = Release|Any CPU
		{2FCA6B2C-AD43-4A10-BFD4-E09BB8311E75}.Release|x64.Build.0 = Release|Any CPU
	EndGlobalSection
	GlobalSection(SolutionProperties) = preSolution
		HideSolutionNode = FALSE
	EndGlobalSection
	GlobalSection(NestedProjects) = preSolution
		{B23ED7A6-832B-4C52-9BAE-90BEEB229070} = {59861DA7-E4B2-41A6-8A30-AF1212211AC9}
		{59861DA7-E4B2-41A6-8A30-AF1212211AC9} = {A2EAAA67-A18C-47F8-AB67-D878855C749A}
		{163EEF05-D9B6-4A3C-B8D3-791B23DDDE9B} = {A2EAAA67-A18C-47F8-AB67-D878855C749A}
		{ACB3038D-98A1-41C7-938B-B299C8CB9A09} = {163EEF05-D9B6-4A3C-B8D3-791B23DDDE9B}
		{5769924E-04C0-4EC8-B6E9-4BE854C6030A} = {163EEF05-D9B6-4A3C-B8D3-791B23DDDE9B}
		{571D37A8-A45B-4D45-8EFF-5720AF1DFA99} = {163EEF05-D9B6-4A3C-B8D3-791B23DDDE9B}
		{AC23AEA0-4178-489F-88F1-356293C5F3ED} = {163EEF05-D9B6-4A3C-B8D3-791B23DDDE9B}
		{37761D44-1615-4C7C-B4E1-DD62637D1810} = {163EEF05-D9B6-4A3C-B8D3-791B23DDDE9B}
		{993DDB04-7CBC-4D15-895D-2B8D107A77DC} = {163EEF05-D9B6-4A3C-B8D3-791B23DDDE9B}
		{B3EBB63B-3717-47BD-88B0-081C769D7095} = {163EEF05-D9B6-4A3C-B8D3-791B23DDDE9B}
		{E3B9D50C-B44D-4E71-8222-5952087B8A4C} = {163EEF05-D9B6-4A3C-B8D3-791B23DDDE9B}
		{D60F00C5-E2CB-498D-8CCE-79D1196634C8} = {163EEF05-D9B6-4A3C-B8D3-791B23DDDE9B}
		{51E6CF72-A8F7-4B1A-A782-D97F47C42E4D} = {163EEF05-D9B6-4A3C-B8D3-791B23DDDE9B}
		{112C9BD4-FD0A-4F6E-BB0B-D1924CB11A31} = {163EEF05-D9B6-4A3C-B8D3-791B23DDDE9B}
		{C3615888-71DC-4EC8-BE9B-4A76FB3ACC50} = {163EEF05-D9B6-4A3C-B8D3-791B23DDDE9B}
		{2FCA6B2C-AD43-4A10-BFD4-E09BB8311E75} = {163EEF05-D9B6-4A3C-B8D3-791B23DDDE9B}
	EndGlobalSection
	GlobalSection(ExtensibilityGlobals) = postSolution
		SolutionGuid = {B99EA2A4-4ECB-47B8-980B-4F09C765760B}
	EndGlobalSection
EndGlobal
